# THIS IS AN AUTOGENERATED FILE. DO NOT EDIT THIS FILE DIRECTLY.
# yarn lockfile v1


"@babel/helper-plugin-utils@^7.0.0":
  version "7.0.0"
  resolved "https://registry.yarnpkg.com/@babel/helper-plugin-utils/-/helper-plugin-utils-7.0.0.tgz#bbb3fbee98661c569034237cc03967ba99b4f250"
  integrity sha512-CYAOUCARwExnEixLdB6sDm2dIJ/YgEAKDM1MOeMeZu9Ld/bDgVo8aiWrXwcY7OBh+1Ea2uUcVRcxKk0GJvW7QA==

"@babel/plugin-syntax-typescript@^7.2.0":
  version "7.3.3"
  resolved "https://registry.yarnpkg.com/@babel/plugin-syntax-typescript/-/plugin-syntax-typescript-7.3.3.tgz#a7cc3f66119a9f7ebe2de5383cce193473d65991"
  integrity sha512-dGwbSMA1YhVS8+31CnPR7LB4pcbrzcV99wQzby4uAfrkZPYZlQ7ImwdpzLqi6Z6IL02b8IAL379CaMwo0x5Lag==
  dependencies:
    "@babel/helper-plugin-utils" "^7.0.0"

"@babel/plugin-transform-typescript@^7.3.2":
  version "7.4.0"
  resolved "https://registry.yarnpkg.com/@babel/plugin-transform-typescript/-/plugin-transform-typescript-7.4.0.tgz#0389ec53a34e80f99f708c4ca311181449a68eb1"
  integrity sha512-U7/+zKnRZg04ggM/Bm+xmu2B/PrwyDQTT/V89FXWYWNMxBDwSx56u6jtk9SEbfLFbZaEI72L+5LPvQjeZgFCrQ==
  dependencies:
    "@babel/helper-plugin-utils" "^7.0.0"
    "@babel/plugin-syntax-typescript" "^7.2.0"

"@babel/preset-typescript@^7.3.3":
  version "7.3.3"
  resolved "https://registry.yarnpkg.com/@babel/preset-typescript/-/preset-typescript-7.3.3.tgz#88669911053fa16b2b276ea2ede2ca603b3f307a"
  integrity sha512-mzMVuIP4lqtn4du2ynEfdO0+RYcslwrZiJHXu4MGaC1ctJiW2fyaeDrtjJGs7R/KebZ1sgowcIoWf4uRpEfKEg==
  dependencies:
    "@babel/helper-plugin-utils" "^7.0.0"
    "@babel/plugin-transform-typescript" "^7.3.2"
