# THIS IS AN AUTOGENERATED FILE. DO NOT EDIT THIS FILE DIRECTLY.
# yarn lockfile v1


"@types/prop-types@*":
  version "15.7.3"
  resolved "https://registry.yarnpkg.com/@types/prop-types/-/prop-types-15.7.3.tgz#2ab0d5da2e5815f94b0b9d4b95d1e5f243ab2ca7"
  integrity sha512-KfRL3PuHmqQLOG+2tGpRO26Ctg+Cq1E01D2DMriKEATHgWLfeNDmq9e29Q9WIky0dQ3NPkd1mzYH8Lm936Z9qw==

"@types/react@^16.8.13":
  version "16.9.4"
  resolved "https://registry.yarnpkg.com/@types/react/-/react-16.9.4.tgz#de8cf5e5e2838659fb78fa93181078469eeb19fc"
  integrity sha512-ItGNmJvQ0IvWt8rbk5PLdpdQhvBVxAaXI9hDlx7UMd8Ie1iMIuwMNiKeTfmVN517CdplpyXvA22X4zm4jGGZnw==
  dependencies:
    "@types/prop-types" "*"
    csstype "^2.2.0"

csstype@^2.2.0:
  version "2.6.6"
  resolved "https://registry.yarnpkg.com/csstype/-/csstype-2.6.6.tgz#c34f8226a94bbb10c32cc0d714afdf942291fc41"
  integrity sha512-RpFbQGUE74iyPgvr46U9t1xoQBM8T4BL8SxrN66Le2xYAPSaDJJKeztV3awugusb3g3G9iL8StmkBBXhcbbXhg==

"js-tokens@^3.0.0 || ^4.0.0":
  version "4.0.0"
  resolved "https://registry.yarnpkg.com/js-tokens/-/js-tokens-4.0.0.tgz#19203fb59991df98e3a287050d4647cdeaf32499"
  integrity sha512-RdJUflcE3cUzKiMqQgsCu06FPu9UdIJO0beYbPhHN4k6apgJtifcoCtT9bcxOpYBtpD2kCM6Sbzg4CausW/PKQ==

loose-envify@^1.1.0, loose-envify@^1.4.0:
  version "1.4.0"
  resolved "https://registry.yarnpkg.com/loose-envify/-/loose-envify-1.4.0.tgz#71ee51fa7be4caec1a63839f7e682d8132d30caf"
  integrity sha512-lyuxPGr/Wfhrlem2CL/UcnUc1zcqKAImBDzukY7Y5F/yQiNdko6+fRLevlw1HgMySw7f611UIY408EtxRSoK3Q==
  dependencies:
    js-tokens "^3.0.0 || ^4.0.0"

object-assign@^4.1.1:
  version "4.1.1"
  resolved "https://registry.yarnpkg.com/object-assign/-/object-assign-4.1.1.tgz#2109adc7965887cfc05cbbd442cac8bfbb360863"
  integrity sha1-IQmtx5ZYh8/AXLvUQsrIv7s2CGM=

prop-types@^15.6.2:
  version "15.7.2"
  resolved "https://registry.yarnpkg.com/prop-types/-/prop-types-15.7.2.tgz#52c41e75b8c87e72b9d9360e0206b99dcbffa6c5"
  integrity sha512-8QQikdH7//R2vurIJSutZ1smHYTcLpRWEOlHnzcWHmBYrOGUysKwSsrC89BCiFj3CbrfJ/nXFdJepOVrY1GCHQ==
  dependencies:
    loose-envify "^1.4.0"
    object-assign "^4.1.1"
    react-is "^16.8.1"

react-is@^16.8.1:
  version "16.10.1"
  resolved "https://registry.yarnpkg.com/react-is/-/react-is-16.10.1.tgz#0612786bf19df406502d935494f0450b40b8294f"
  integrity sha512-BXUMf9sIOPXXZWqr7+c5SeOKJykyVr2u0UDzEf4LNGc6taGkQe1A9DFD07umCIXz45RLr9oAAwZbAJ0Pkknfaw==

react@^16.8.6:
  version "16.10.1"
  resolved "https://registry.yarnpkg.com/react/-/react-16.10.1.tgz#967c1e71a2767dfa699e6ba702a00483e3b0573f"
  integrity sha512-2bisHwMhxQ3XQz4LiJJwG3360pY965pTl/MRrZYxIBKVj4fOHoDs5aZAkYXGxDRO1Li+SyjTAilQEbOmtQJHzA==
  dependencies:
    loose-envify "^1.1.0"
    object-assign "^4.1.1"
    prop-types "^15.6.2"
